// !$*UTF8*$!
{
	archiveVersion = 1;
	classes = {
	};
	objectVersion = 46;
	objects = {

/* Begin PBXBuildFile section */
		A10DCD8D1F6AFE7500026915 /* AppDelegate.swift in Sources */ = {isa = PBXBuildFile; fileRef = A10DCD8C1F6AFE7500026915 /* AppDelegate.swift */; };
		A10DCD8F1F6AFE7500026915 /* ViewController.swift in Sources */ = {isa = PBXBuildFile; fileRef = A10DCD8E1F6AFE7500026915 /* ViewController.swift */; };
		A10DCD921F6AFE7500026915 /* Main.storyboard in Resources */ = {isa = PBXBuildFile; fileRef = A10DCD901F6AFE7500026915 /* Main.storyboard */; };
		A10DCD941F6AFE7500026915 /* Assets.xcassets in Resources */ = {isa = PBXBuildFile; fileRef = A10DCD931F6AFE7500026915 /* Assets.xcassets */; };
		A10DCD971F6AFE7500026915 /* LaunchScreen.storyboard in Resources */ = {isa = PBXBuildFile; fileRef = A10DCD951F6AFE7500026915 /* LaunchScreen.storyboard */; };
		A10DCD9F1F6B004700026915 /* mad1.png in Resources */ = {isa = PBXBuildFile; fileRef = A10DCD9E1F6B004700026915 /* mad1.png */; };
		A10DCDA11F6B005800026915 /* mad2.png in Resources */ = {isa = PBXBuildFile; fileRef = A10DCDA01F6B005800026915 /* mad2.png */; };
		A10DCDA31F6B006400026915 /* mad3.png in Resources */ = {isa = PBXBuildFile; fileRef = A10DCDA21F6B006400026915 /* mad3.png */; };
/* End PBXBuildFile section */

/* Begin PBXFileReference section */
		A10DCD891F6AFE7500026915 /* lab1.app */ = {isa = PBXFileReference; explicitFileType = wrapper.application; includeInIndex = 0; path = lab1.app; sourceTree = BUILT_PRODUCTS_DIR; };
		A10DCD8C1F6AFE7500026915 /* AppDelegate.swift */ = {isa = PBXFileReference; lastKnownFileType = sourcecode.swift; path = AppDelegate.swift; sourceTree = "<group>"; };
		A10DCD8E1F6AFE7500026915 /* ViewController.swift */ = {isa = PBXFileReference; lastKnownFileType = sourcecode.swift; path = ViewController.swift; sourceTree = "<group>"; };
		A10DCD911F6AFE7500026915 /* Base */ = {isa = PBXFileReference; lastKnownFileType = file.storyboard; name = Base; path = Base.lproj/Main.storyboard; sourceTree = "<group>"; };
		A10DCD931F6AFE7500026915 /* Assets.xcassets */ = {isa = PBXFileReference; lastKnownFileType = folder.assetcatalog; path = Assets.xcassets; sourceTree = "<group>"; };
		A10DCD961F6AFE7500026915 /* Base */ = {isa = PBXFileReference; lastKnownFileType = file.storyboard; name = Base; path = Base.lproj/LaunchScreen.storyboard; sourceTree = "<group>"; };
		A10DCD981F6AFE7500026915 /* Info.plist */ = {isa = PBXFileReference; lastKnownFileType = text.plist.xml; path = Info.plist; sourceTree = "<group>"; };
		A10DCD9E1F6B004700026915 /* mad1.png */ = {isa = PBXFileReference; lastKnownFileType = image.png; name = mad1.png; path = ../../mad1.png; sourceTree = "<group>"; };
		A10DCDA01F6B005800026915 /* mad2.png */ = {isa = PBXFileReference; lastKnownFileType = image.png; name = mad2.png; path = ../../mad2.png; sourceTree = "<group>"; };
		A10DCDA21F6B006400026915 /* mad3.png */ = {isa = PBXFileReference; lastKnownFileType = image.png; name = mad3.png; path = ../../mad3.png; sourceTree = "<group>"; };
/* End PBXFileReference section */

/* Begin PBXFrameworksBuildPhase section */
		A10DCD861F6AFE7500026915 /* Frameworks */ = {
			isa = PBXFrameworksBuildPhase;
			buildActionMask = 2147483647;
			files = (
			);
			runOnlyForDeploymentPostprocessing = 0;
		};
/* End PBXFrameworksBuildPhase section */

/* Begin PBXGroup section */
		A10DCD801F6AFE7500026915 = {
			isa = PBXGroup;
			children = (
				A10DCD8B1F6AFE7500026915 /* lab1 */,
				A10DCD8A1F6AFE7500026915 /* Products */,
			);
			sourceTree = "<group>";
		};
		A10DCD8A1F6AFE7500026915 /* Products */ = {
			isa = PBXGroup;
			children = (
				A10DCD891F6AFE7500026915 /* lab1.app */,
			);
			name = Products;
			sourceTree = "<group>";
		};
		A10DCD8B1F6AFE7500026915 /* lab1 */ = {
			isa = PBXGroup;
			children = (
				A10DCD8C1F6AFE7500026915 /* AppDelegate.swift */,
				A10DCD8E1F6AFE7500026915 /* ViewController.swift */,
				A10DCD901F6AFE7500026915 /* Main.storyboard */,
				A10DCD931F6AFE7500026915 /* Assets.xcassets */,
				A10DCDA21F6B006400026915 /* mad3.png */,
				A10DCDA01F6B005800026915 /* mad2.png */,
				A10DCD9E1F6B004700026915 /* mad1.png */,
				A10DCD951F6AFE7500026915 /* LaunchScreen.storyboard */,
				A10DCD981F6AFE7500026915 /* Info.plist */,
			);
			path = lab1;
			sourceTree = "<group>";
		};
/* End PBXGroup section */

/* Begin PBXNativeTarget section */
		A10DCD881F6AFE7500026915 /* lab1 */ = {
			isa = PBXNativeTarget;
			buildConfigurationList = A10DCD9B1F6AFE7500026915 /* Build configuration list for PBXNativeTarget "lab1" */;
			buildPhases = (
				A10DCD851F6AFE7500026915 /* Sources */,
				A10DCD861F6AFE7500026915 /* Frameworks */,
				A10DCD871F6AFE7500026915 /* Resources */,
			);
			buildRules = (
			);
			dependencies = (
			);
			name = lab1;
			productName = lab1;
			productReference = A10DCD891F6AFE7500026915 /* lab1.app */;
			productType = "com.apple.product-type.application";
		};
/* End PBXNativeTarget section */

/* Begin PBXProject section */
		A10DCD811F6AFE7500026915 /* Project object */ = {
			isa = PBXProject;
			attributes = {
				LastSwiftUpdateCheck = 0830;
				LastUpgradeCheck = 0830;
				ORGANIZATIONNAME = melissa;
				TargetAttributes = {
					A10DCD881F6AFE7500026915 = {
						CreatedOnToolsVersion = 8.3.3;
						ProvisioningStyle = Automatic;
					};
				};
			};
			buildConfigurationList = A10DCD841F6AFE7500026915 /* Build configuration list for PBXProject "lab1" */;
			compatibilityVersion = "Xcode 3.2";
			developmentRegion = English;
			hasScannedForEncodings = 0;
			knownRegions = (
				en,
				Base,
			);
			mainGroup = A10DCD801F6AFE7500026915;
			productRefGroup = A10DCD8A1F6AFE7500026915 /* Products */;
			projectDirPath = "";
			projectRoot = "";
			targets = (
				A10DCD881F6AFE7500026915 /* lab1 */,
			);
		};
/* End PBXProject section */

/* Begin PBXResourcesBuildPhase section */
		A10DCD871F6AFE7500026915 /* Resources */ = {
			isa = PBXResourcesBuildPhase;
			buildActionMask = 2147483647;
			files = (
				A10DCD971F6AFE7500026915 /* LaunchScreen.storyboard in Resources */,
				A10DCDA11F6B005800026915 /* mad2.png in Resources */,
				A10DCDA31F6B006400026915 /* mad3.png in Resources */,
				A10DCD941F6AFE7500026915 /* Assets.xcassets in Resources */,
				A10DCD9F1F6B004700026915 /* mad1.png in Resources */,
				A10DCD921F6AFE7500026915 /* Main.storyboard in Resources */,
			);
			runOnlyForDeploymentPostprocessing = 0;
		};
/* End PBXResourcesBuildPhase section */

/* Begin PBXSourcesBuildPhase section */
		A10DCD851F6AFE7500026915 /* Sources */ = {
			isa = PBXSourcesBuildPhase;
			buildActionMask = 2147483647;
			files = (
				A10DCD8F1F6AFE7500026915 /* ViewController.swift in Sources */,
				A10DCD8D1F6AFE7500026915 /* AppDelegate.swift in Sources */,
			);
			runOnlyForDeploymentPostprocessing = 0;
		};
/* End PBXSourcesBuildPhase section */

/* Begin PBXVariantGroup section */
		A10DCD901F6AFE7500026915 /* Main.storyboard */ = {
			isa = PBXVariantGroup;
			children = (
				A10DCD911F6AFE7500026915 /* Base */,
			);
			name = Main.storyboard;
			sourceTree = "<group>";
		};
		A10DCD951F6AFE7500026915 /* LaunchScreen.storyboard */ = {
			isa = PBXVariantGroup;
			children = (
				A10DCD961F6AFE7500026915 /* Base */,
			);
			name = LaunchScreen.storyboard;
			sourceTree = "<group>";
		};
/* End PBXVariantGroup section */

/* Begin XCBuildConfiguration section */
		A10DCD991F6AFE7500026915 /* Debug */ = {
			isa = XCBuildConfiguration;
			buildSettings = {
				ALWAYS_SEARCH_USER_PATHS = NO;
				CLANG_ANALYZER_NONNULL = YES;
				CLANG_ANALYZER_NUMBER_OBJECT_CONVERSION = YES_AGGRESSIVE;
				CLANG_CXX_LANGUAGE_STANDARD = "gnu++0x";
				CLANG_CXX_LIBRARY = "libc++";
				CLANG_ENABLE_MODULES = YES;
				CLANG_ENABLE_OBJC_ARC = YES;
				CLANG_WARN_BOOL_CONVERSION = YES;
				CLANG_WARN_CONSTANT_CONVERSION = YES;
				CLANG_WARN_DIRECT_OBJC_ISA_USAGE = YES_ERROR;
				CLANG_WARN_DOCUMENTATION_COMMENTS = YES;
				CLANG_WARN_EMPTY_BODY = YES;
				CLANG_WARN_ENUM_CONVERSION = YES;
				CLANG_WARN_INFINITE_RECURSION = YES;
				CLANG_WARN_INT_CONVERSION = YES;
				CLANG_WARN_OBJC_ROOT_CLASS = YES_ERROR;
				CLANG_WARN_SUSPICIOUS_MOVE = YES;
				CLANG_WARN_UNREACHABLE_CODE = YES;
				CLANG_WARN__DUPLICATE_METHOD_MATCH = YES;
				"CODE_SIGN_IDENTITY[sdk=iphoneos*]" = "iPhone Developer";
				COPY_PHASE_STRIP = NO;
				DEBUG_INFORMATION_FORMAT = dwarf;
				ENABLE_STRICT_OBJC_MSGSEND = YES;
				ENABLE_TESTABILITY = YES;
				GCC_C_LANGUAGE_STANDARD = gnu99;
				GCC_DYNAMIC_NO_PIC = NO;
				GCC_NO_COMMON_BLOCKS = YES;
				GCC_OPTIMIZATION_LEVEL = 0;
				GCC_PREPROCESSOR_DEFINITIONS = (
					"DEBUG=1",
					"$(inherited)",
				);
				GCC_WARN_64_TO_32_BIT_CONVERSION = YES;
				GCC_WARN_ABOUT_RETURN_TYPE = YES_ERROR;
				GCC_WARN_UNDECLARED_SELECTOR = YES;
				GCC_WARN_UNINITIALIZED_AUTOS = YES_AGGRESSIVE;
				GCC_WARN_UNUSED_FUNCTION = YES;
				GCC_WARN_UNUSED_VARIABLE = YES;
				IPHONEOS_DEPLOYMENT_TARGET = 10.3;
				MTL_ENABLE_DEBUG_INFO = YES;
				ONLY_ACTIVE_ARCH = YES;
				SDKROOT = iphoneos;
				SWIFT_ACTIVE_COMPILATION_CONDITIONS = DEBUG;
				SWIFT_OPTIMIZATION_LEVEL = "-Onone";
				TARGETED_DEVICE_FAMILY = "1,2";
			};
			name = Debug;
		};
		A10DCD9A1F6AFE7500026915 /* Release */ = {
			isa = XCBuildConfiguration;
			buildSettings = {
				ALWAYS_SEARCH_USER_PATHS = NO;
				CLANG_ANALYZER_NONNULL = YES;
				CLANG_ANALYZER_NUMBER_OBJECT_CONVERSION = YES_AGGRESSIVE;
				CLANG_CXX_LANGUAGE_STANDARD = "gnu++0x";
				CLANG_CXX_LIBRARY = "libc++";
				CLANG_ENABLE_MODULES = YES;
				CLANG_ENABLE_OBJC_ARC = YES;
				CLANG_WARN_BOOL_CONVERSION = YES;
				CLANG_WARN_CONSTANT_CONVERSION = YES;
				CLANG_WARN_DIRECT_OBJC_ISA_USAGE = YES_ERROR;
				CLANG_WARN_DOCUMENTATION_COMMENTS = YES;
				CLANG_WARN_EMPTY_BODY = YES;
				CLANG_WARN_ENUM_CONVERSION = YES;
				CLANG_WARN_INFINITE_RECURSION = YES;
				CLANG_WARN_INT_CONVERSION = YES;
				CLANG_WARN_OBJC_ROOT_CLASS = YES_ERROR;
				CLANG_WARN_SUSPICIOUS_MOVE = YES;
				CLANG_WARN_UNREACHABLE_CODE = YES;
				CLANG_WARN__DUPLICATE_METHOD_MATCH = YES;
				"CODE_SIGN_IDENTITY[sdk=iphoneos*]" = "iPhone Developer";
				COPY_PHASE_STRIP = NO;
				DEBUG_INFORMATION_FORMAT = "dwarf-with-dsym";
				ENABLE_NS_ASSERTIONS = NO;
				ENABLE_STRICT_OBJC_MSGSEND = YES;
				GCC_C_LANGUAGE_STANDARD = gnu99;
				GCC_NO_COMMON_BLOCKS = YES;
				GCC_WARN_64_TO_32_BIT_CONVERSION = YES;
				GCC_WARN_ABOUT_RETURN_TYPE = YES_ERROR;
				GCC_WARN_UNDECLARED_SELECTOR = YES;
				GCC_WARN_UNINITIALIZED_AUTOS = YES_AGGRESSIVE;
				GCC_WARN_UNUSED_FUNCTION = YES;
				GCC_WARN_UNUSED_VARIABLE = YES;
				IPHONEOS_DEPLOYMENT_TARGET = 10.3;
				MTL_ENABLE_DEBUG_INFO = NO;
				SDKROOT = iphoneos;
				SWIFT_OPTIMIZATION_LEVEL = "-Owholemodule";
				TARGETED_DEVICE_FAMILY = "1,2";
				VALIDATE_PRODUCT = YES;
			};
			name = Release;
		};
		A10DCD9C1F6AFE7500026915 /* Debug */ = {
			isa = XCBuildConfiguration;
			buildSettings = {
				ASSETCATALOG_COMPILER_APPICON_NAME = AppIcon;
				INFOPLIST_FILE = lab1/Info.plist;
				LD_RUNPATH_SEARCH_PATHS = "$(inherited) @executable_path/Frameworks";
				PRODUCT_BUNDLE_IDENTIFIER = melissa.lab1;
				PRODUCT_NAME = "$(TARGET_NAME)";
				SWIFT_VERSION = 3.0;
			};
			name = Debug;
		};
		A10DCD9D1F6AFE7500026915 /* Release */ = {
			isa = XCBuildConfiguration;
			buildSettings = {
				ASSETCATALOG_COMPILER_APPICON_NAME = AppIcon;
				INFOPLIST_FILE = lab1/Info.plist;
				LD_RUNPATH_SEARCH_PATHS = "$(inherited) @executable_path/Frameworks";
				PRODUCT_BUNDLE_IDENTIFIER = melissa.lab1;
				PRODUCT_NAME = "$(TARGET_NAME)";
				SWIFT_VERSION = 3.0;
			};
			name = Release;
		};
/* End XCBuildConfiguration section */

/* Begin XCConfigurationList section */
		A10DCD841F6AFE7500026915 /* Build configuration list for PBXProject "lab1" */ = {
			isa = XCConfigurationList;
			buildConfigurations = (
				A10DCD991F6AFE7500026915 /* Debug */,
				A10DCD9A1F6AFE7500026915 /* Release */,
			);
			defaultConfigurationIsVisible = 0;
			defaultConfigurationName = Release;
		};
		A10DCD9B1F6AFE7500026915 /* Build configuration list for PBXNativeTarget "lab1" */ = {
			isa = XCConfigurationList;
			buildConfigurations = (
				A10DCD9C1F6AFE7500026915 /* Debug */,
				A10DCD9D1F6AFE7500026915 /* Release */,
			);
			defaultConfigurationIsVisible = 0;
		};
/* End XCConfigurationList section */
	};
	rootObject = A10DCD811F6AFE7500026915 /* Project object */;
}
