// !$*UTF8*$!
{
	archiveVersion = 1;
	classes = {
	};
	objectVersion = 46;
	objects = {

/* Begin PBXBuildFile section */
		A12417271F718A1E00F3568C /* AppDelegate.swift in Sources */ = {isa = PBXBuildFile; fileRef = A12417261F718A1E00F3568C /* AppDelegate.swift */; };
		A12417291F718A1E00F3568C /* ViewController.swift in Sources */ = {isa = PBXBuildFile; fileRef = A12417281F718A1E00F3568C /* ViewController.swift */; };
		A124172C1F718A1E00F3568C /* Main.storyboard in Resources */ = {isa = PBXBuildFile; fileRef = A124172A1F718A1E00F3568C /* Main.storyboard */; };
		A124172E1F718A1E00F3568C /* Assets.xcassets in Resources */ = {isa = PBXBuildFile; fileRef = A124172D1F718A1E00F3568C /* Assets.xcassets */; };
		A12417311F718A1E00F3568C /* LaunchScreen.storyboard in Resources */ = {isa = PBXBuildFile; fileRef = A124172F1F718A1E00F3568C /* LaunchScreen.storyboard */; };
		A12417391F719EF600F3568C /* Screen Shot 2017-09-19 at 11.25.22 AM.png in Resources */ = {isa = PBXBuildFile; fileRef = A12417381F719EF600F3568C /* Screen Shot 2017-09-19 at 11.25.22 AM.png */; };
		A124173B1F719EFF00F3568C /* Screen Shot 2017-09-19 at 11.25.38 AM.png in Resources */ = {isa = PBXBuildFile; fileRef = A124173A1F719EFF00F3568C /* Screen Shot 2017-09-19 at 11.25.38 AM.png */; };
		A161DE531F741AB900FFF7A5 /* icon1.png in Resources */ = {isa = PBXBuildFile; fileRef = A161DE511F741AB900FFF7A5 /* icon1.png */; };
		A161DE541F741AB900FFF7A5 /* icon4040.png in Resources */ = {isa = PBXBuildFile; fileRef = A161DE521F741AB900FFF7A5 /* icon4040.png */; };
/* End PBXBuildFile section */

/* Begin PBXFileReference section */
		A12417231F718A1E00F3568C /* lab2.app */ = {isa = PBXFileReference; explicitFileType = wrapper.application; includeInIndex = 0; path = lab2.app; sourceTree = BUILT_PRODUCTS_DIR; };
		A12417261F718A1E00F3568C /* AppDelegate.swift */ = {isa = PBXFileReference; lastKnownFileType = sourcecode.swift; path = AppDelegate.swift; sourceTree = "<group>"; };
		A12417281F718A1E00F3568C /* ViewController.swift */ = {isa = PBXFileReference; lastKnownFileType = sourcecode.swift; path = ViewController.swift; sourceTree = "<group>"; };
		A124172B1F718A1E00F3568C /* Base */ = {isa = PBXFileReference; lastKnownFileType = file.storyboard; name = Base; path = Base.lproj/Main.storyboard; sourceTree = "<group>"; };
		A124172D1F718A1E00F3568C /* Assets.xcassets */ = {isa = PBXFileReference; lastKnownFileType = folder.assetcatalog; path = Assets.xcassets; sourceTree = "<group>"; };
		A12417301F718A1E00F3568C /* Base */ = {isa = PBXFileReference; lastKnownFileType = file.storyboard; name = Base; path = Base.lproj/LaunchScreen.storyboard; sourceTree = "<group>"; };
		A12417321F718A1E00F3568C /* Info.plist */ = {isa = PBXFileReference; lastKnownFileType = text.plist.xml; path = Info.plist; sourceTree = "<group>"; };
		A12417381F719EF600F3568C /* Screen Shot 2017-09-19 at 11.25.22 AM.png */ = {isa = PBXFileReference; lastKnownFileType = image.png; name = "Screen Shot 2017-09-19 at 11.25.22 AM.png"; path = "../../Screen Shot 2017-09-19 at 11.25.22 AM.png"; sourceTree = "<group>"; };
		A124173A1F719EFF00F3568C /* Screen Shot 2017-09-19 at 11.25.38 AM.png */ = {isa = PBXFileReference; lastKnownFileType = image.png; name = "Screen Shot 2017-09-19 at 11.25.38 AM.png"; path = "../../Screen Shot 2017-09-19 at 11.25.38 AM.png"; sourceTree = "<group>"; };
		A161DE511F741AB900FFF7A5 /* icon1.png */ = {isa = PBXFileReference; lastKnownFileType = image.png; name = icon1.png; path = ../../icon1.png; sourceTree = "<group>"; };
		A161DE521F741AB900FFF7A5 /* icon4040.png */ = {isa = PBXFileReference; lastKnownFileType = image.png; name = icon4040.png; path = ../../icon4040.png; sourceTree = "<group>"; };
/* End PBXFileReference section */

/* Begin PBXFrameworksBuildPhase section */
		A12417201F718A1E00F3568C /* Frameworks */ = {
			isa = PBXFrameworksBuildPhase;
			buildActionMask = 2147483647;
			files = (
			);
			runOnlyForDeploymentPostprocessing = 0;
		};
/* End PBXFrameworksBuildPhase section */

/* Begin PBXGroup section */
		A124171A1F718A1E00F3568C = {
			isa = PBXGroup;
			children = (
				A12417251F718A1E00F3568C /* lab2 */,
				A12417241F718A1E00F3568C /* Products */,
			);
			sourceTree = "<group>";
		};
		A12417241F718A1E00F3568C /* Products */ = {
			isa = PBXGroup;
			children = (
				A12417231F718A1E00F3568C /* lab2.app */,
			);
			name = Products;
			sourceTree = "<group>";
		};
		A12417251F718A1E00F3568C /* lab2 */ = {
			isa = PBXGroup;
			children = (
				A12417261F718A1E00F3568C /* AppDelegate.swift */,
				A12417281F718A1E00F3568C /* ViewController.swift */,
				A124172A1F718A1E00F3568C /* Main.storyboard */,
				A161DE511F741AB900FFF7A5 /* icon1.png */,
				A161DE521F741AB900FFF7A5 /* icon4040.png */,
				A124172D1F718A1E00F3568C /* Assets.xcassets */,
				A12417381F719EF600F3568C /* Screen Shot 2017-09-19 at 11.25.22 AM.png */,
				A124173A1F719EFF00F3568C /* Screen Shot 2017-09-19 at 11.25.38 AM.png */,
				A124172F1F718A1E00F3568C /* LaunchScreen.storyboard */,
				A12417321F718A1E00F3568C /* Info.plist */,
			);
			path = lab2;
			sourceTree = "<group>";
		};
/* End PBXGroup section */

/* Begin PBXNativeTarget section */
		A12417221F718A1E00F3568C /* lab2 */ = {
			isa = PBXNativeTarget;
			buildConfigurationList = A12417351F718A1E00F3568C /* Build configuration list for PBXNativeTarget "lab2" */;
			buildPhases = (
				A124171F1F718A1E00F3568C /* Sources */,
				A12417201F718A1E00F3568C /* Frameworks */,
				A12417211F718A1E00F3568C /* Resources */,
			);
			buildRules = (
			);
			dependencies = (
			);
			name = lab2;
			productName = lab2;
			productReference = A12417231F718A1E00F3568C /* lab2.app */;
			productType = "com.apple.product-type.application";
		};
/* End PBXNativeTarget section */

/* Begin PBXProject section */
		A124171B1F718A1E00F3568C /* Project object */ = {
			isa = PBXProject;
			attributes = {
				LastSwiftUpdateCheck = 0830;
				LastUpgradeCheck = 0830;
				ORGANIZATIONNAME = melissa;
				TargetAttributes = {
					A12417221F718A1E00F3568C = {
						CreatedOnToolsVersion = 8.3.3;
						ProvisioningStyle = Automatic;
					};
				};
			};
			buildConfigurationList = A124171E1F718A1E00F3568C /* Build configuration list for PBXProject "lab2" */;
			compatibilityVersion = "Xcode 3.2";
			developmentRegion = English;
			hasScannedForEncodings = 0;
			knownRegions = (
				en,
				Base,
			);
			mainGroup = A124171A1F718A1E00F3568C;
			productRefGroup = A12417241F718A1E00F3568C /* Products */;
			projectDirPath = "";
			projectRoot = "";
			targets = (
				A12417221F718A1E00F3568C /* lab2 */,
			);
		};
/* End PBXProject section */

/* Begin PBXResourcesBuildPhase section */
		A12417211F718A1E00F3568C /* Resources */ = {
			isa = PBXResourcesBuildPhase;
			buildActionMask = 2147483647;
			files = (
				A12417311F718A1E00F3568C /* LaunchScreen.storyboard in Resources */,
				A161DE541F741AB900FFF7A5 /* icon4040.png in Resources */,
				A12417391F719EF600F3568C /* Screen Shot 2017-09-19 at 11.25.22 AM.png in Resources */,
				A161DE531F741AB900FFF7A5 /* icon1.png in Resources */,
				A124173B1F719EFF00F3568C /* Screen Shot 2017-09-19 at 11.25.38 AM.png in Resources */,
				A124172E1F718A1E00F3568C /* Assets.xcassets in Resources */,
				A124172C1F718A1E00F3568C /* Main.storyboard in Resources */,
			);
			runOnlyForDeploymentPostprocessing = 0;
		};
/* End PBXResourcesBuildPhase section */

/* Begin PBXSourcesBuildPhase section */
		A124171F1F718A1E00F3568C /* Sources */ = {
			isa = PBXSourcesBuildPhase;
			buildActionMask = 2147483647;
			files = (
				A12417291F718A1E00F3568C /* ViewController.swift in Sources */,
				A12417271F718A1E00F3568C /* AppDelegate.swift in Sources */,
			);
			runOnlyForDeploymentPostprocessing = 0;
		};
/* End PBXSourcesBuildPhase section */

/* Begin PBXVariantGroup section */
		A124172A1F718A1E00F3568C /* Main.storyboard */ = {
			isa = PBXVariantGroup;
			children = (
				A124172B1F718A1E00F3568C /* Base */,
			);
			name = Main.storyboard;
			sourceTree = "<group>";
		};
		A124172F1F718A1E00F3568C /* LaunchScreen.storyboard */ = {
			isa = PBXVariantGroup;
			children = (
				A12417301F718A1E00F3568C /* Base */,
			);
			name = LaunchScreen.storyboard;
			sourceTree = "<group>";
		};
/* End PBXVariantGroup section */

/* Begin XCBuildConfiguration section */
		A12417331F718A1E00F3568C /* Debug */ = {
			isa = XCBuildConfiguration;
			buildSettings = {
				ALWAYS_SEARCH_USER_PATHS = NO;
				CLANG_ANALYZER_NONNULL = YES;
				CLANG_ANALYZER_NUMBER_OBJECT_CONVERSION = YES_AGGRESSIVE;
				CLANG_CXX_LANGUAGE_STANDARD = "gnu++0x";
				CLANG_CXX_LIBRARY = "libc++";
				CLANG_ENABLE_MODULES = YES;
				CLANG_ENABLE_OBJC_ARC = YES;
				CLANG_WARN_BOOL_CONVERSION = YES;
				CLANG_WARN_CONSTANT_CONVERSION = YES;
				CLANG_WARN_DIRECT_OBJC_ISA_USAGE = YES_ERROR;
				CLANG_WARN_DOCUMENTATION_COMMENTS = YES;
				CLANG_WARN_EMPTY_BODY = YES;
				CLANG_WARN_ENUM_CONVERSION = YES;
				CLANG_WARN_INFINITE_RECURSION = YES;
				CLANG_WARN_INT_CONVERSION = YES;
				CLANG_WARN_OBJC_ROOT_CLASS = YES_ERROR;
				CLANG_WARN_SUSPICIOUS_MOVE = YES;
				CLANG_WARN_UNREACHABLE_CODE = YES;
				CLANG_WARN__DUPLICATE_METHOD_MATCH = YES;
				"CODE_SIGN_IDENTITY[sdk=iphoneos*]" = "iPhone Developer";
				COPY_PHASE_STRIP = NO;
				DEBUG_INFORMATION_FORMAT = dwarf;
				ENABLE_STRICT_OBJC_MSGSEND = YES;
				ENABLE_TESTABILITY = YES;
				GCC_C_LANGUAGE_STANDARD = gnu99;
				GCC_DYNAMIC_NO_PIC = NO;
				GCC_NO_COMMON_BLOCKS = YES;
				GCC_OPTIMIZATION_LEVEL = 0;
				GCC_PREPROCESSOR_DEFINITIONS = (
					"DEBUG=1",
					"$(inherited)",
				);
				GCC_WARN_64_TO_32_BIT_CONVERSION = YES;
				GCC_WARN_ABOUT_RETURN_TYPE = YES_ERROR;
				GCC_WARN_UNDECLARED_SELECTOR = YES;
				GCC_WARN_UNINITIALIZED_AUTOS = YES_AGGRESSIVE;
				GCC_WARN_UNUSED_FUNCTION = YES;
				GCC_WARN_UNUSED_VARIABLE = YES;
				IPHONEOS_DEPLOYMENT_TARGET = 10.3;
				MTL_ENABLE_DEBUG_INFO = YES;
				ONLY_ACTIVE_ARCH = YES;
				SDKROOT = iphoneos;
				SWIFT_ACTIVE_COMPILATION_CONDITIONS = DEBUG;
				SWIFT_OPTIMIZATION_LEVEL = "-Onone";
				TARGETED_DEVICE_FAMILY = "1,2";
			};
			name = Debug;
		};
		A12417341F718A1E00F3568C /* Release */ = {
			isa = XCBuildConfiguration;
			buildSettings = {
				ALWAYS_SEARCH_USER_PATHS = NO;
				CLANG_ANALYZER_NONNULL = YES;
				CLANG_ANALYZER_NUMBER_OBJECT_CONVERSION = YES_AGGRESSIVE;
				CLANG_CXX_LANGUAGE_STANDARD = "gnu++0x";
				CLANG_CXX_LIBRARY = "libc++";
				CLANG_ENABLE_MODULES = YES;
				CLANG_ENABLE_OBJC_ARC = YES;
				CLANG_WARN_BOOL_CONVERSION = YES;
				CLANG_WARN_CONSTANT_CONVERSION = YES;
				CLANG_WARN_DIRECT_OBJC_ISA_USAGE = YES_ERROR;
				CLANG_WARN_DOCUMENTATION_COMMENTS = YES;
				CLANG_WARN_EMPTY_BODY = YES;
				CLANG_WARN_ENUM_CONVERSION = YES;
				CLANG_WARN_INFINITE_RECURSION = YES;
				CLANG_WARN_INT_CONVERSION = YES;
				CLANG_WARN_OBJC_ROOT_CLASS = YES_ERROR;
				CLANG_WARN_SUSPICIOUS_MOVE = YES;
				CLANG_WARN_UNREACHABLE_CODE = YES;
				CLANG_WARN__DUPLICATE_METHOD_MATCH = YES;
				"CODE_SIGN_IDENTITY[sdk=iphoneos*]" = "iPhone Developer";
				COPY_PHASE_STRIP = NO;
				DEBUG_INFORMATION_FORMAT = "dwarf-with-dsym";
				ENABLE_NS_ASSERTIONS = NO;
				ENABLE_STRICT_OBJC_MSGSEND = YES;
				GCC_C_LANGUAGE_STANDARD = gnu99;
				GCC_NO_COMMON_BLOCKS = YES;
				GCC_WARN_64_TO_32_BIT_CONVERSION = YES;
				GCC_WARN_ABOUT_RETURN_TYPE = YES_ERROR;
				GCC_WARN_UNDECLARED_SELECTOR = YES;
				GCC_WARN_UNINITIALIZED_AUTOS = YES_AGGRESSIVE;
				GCC_WARN_UNUSED_FUNCTION = YES;
				GCC_WARN_UNUSED_VARIABLE = YES;
				IPHONEOS_DEPLOYMENT_TARGET = 10.3;
				MTL_ENABLE_DEBUG_INFO = NO;
				SDKROOT = iphoneos;
				SWIFT_OPTIMIZATION_LEVEL = "-Owholemodule";
				TARGETED_DEVICE_FAMILY = "1,2";
				VALIDATE_PRODUCT = YES;
			};
			name = Release;
		};
		A12417361F718A1E00F3568C /* Debug */ = {
			isa = XCBuildConfiguration;
			buildSettings = {
				ASSETCATALOG_COMPILER_APPICON_NAME = AppIcon;
				INFOPLIST_FILE = lab2/Info.plist;
				LD_RUNPATH_SEARCH_PATHS = "$(inherited) @executable_path/Frameworks";
				PRODUCT_BUNDLE_IDENTIFIER = melissa.lab2;
				PRODUCT_NAME = "$(TARGET_NAME)";
				SWIFT_VERSION = 3.0;
			};
			name = Debug;
		};
		A12417371F718A1E00F3568C /* Release */ = {
			isa = XCBuildConfiguration;
			buildSettings = {
				ASSETCATALOG_COMPILER_APPICON_NAME = AppIcon;
				INFOPLIST_FILE = lab2/Info.plist;
				LD_RUNPATH_SEARCH_PATHS = "$(inherited) @executable_path/Frameworks";
				PRODUCT_BUNDLE_IDENTIFIER = melissa.lab2;
				PRODUCT_NAME = "$(TARGET_NAME)";
				SWIFT_VERSION = 3.0;
			};
			name = Release;
		};
/* End XCBuildConfiguration section */

/* Begin XCConfigurationList section */
		A124171E1F718A1E00F3568C /* Build configuration list for PBXProject "lab2" */ = {
			isa = XCConfigurationList;
			buildConfigurations = (
				A12417331F718A1E00F3568C /* Debug */,
				A12417341F718A1E00F3568C /* Release */,
			);
			defaultConfigurationIsVisible = 0;
			defaultConfigurationName = Release;
		};
		A12417351F718A1E00F3568C /* Build configuration list for PBXNativeTarget "lab2" */ = {
			isa = XCConfigurationList;
			buildConfigurations = (
				A12417361F718A1E00F3568C /* Debug */,
				A12417371F718A1E00F3568C /* Release */,
			);
			defaultConfigurationIsVisible = 0;
			defaultConfigurationName = Release;
		};
/* End XCConfigurationList section */
	};
	rootObject = A124171B1F718A1E00F3568C /* Project object */;
}
